
Microsoft Visual Studio Solution File, Format Version 12.00
# Visual Studio Version 17
VisualStudioVersion = 17.0.31903.59
MinimumVisualStudioVersion = 10.0.40219.1
Project("{FAE04EC0-301F-11D3-BF4B-00C04F79EFBC}") = "WebApi", "WebApi\WebApi.csproj", "{D3072C92-8C24-48B7-9BF8-75B7CC698151}"
EndProject
Project("{FAE04EC0-301F-11D3-BF4B-00C04F79EFBC}") = "WebApi.Test", "WebApi.Test\WebApi.Test.csproj", "{B9B0D0E5-B444-48C2-97F6-8EBE2DBE1486}"
EndProject
Global
	GlobalSection(SolutionConfigurationPlatforms) = preSolution
		Debug|Any CPU = Debug|Any CPU
		Release|Any CPU = Release|Any CPU
	EndGlobalSection
	GlobalSection(SolutionProperties) = preSolution
		HideSolutionNode = FALSE
	EndGlobalSection
	GlobalSection(ProjectConfigurationPlatforms) = postSolution
		{D3072C92-8C24-48B7-9BF8-75B7CC698151}.Debug|Any CPU.ActiveCfg = Debug|Any CPU
		{D3072C92-8C24-48B7-9BF8-75B7CC698151}.Debug|Any CPU.Build.0 = Debug|Any CPU
		{D3072C92-8C24-48B7-9BF8-75B7CC698151}.Release|Any CPU.ActiveCfg = Release|Any CPU
		{D3072C92-8C24-48B7-9BF8-75B7CC698151}.Release|Any CPU.Build.0 = Release|Any CPU
		{B9B0D0E5-B444-48C2-97F6-8EBE2DBE1486}.Debug|Any CPU.ActiveCfg = Debug|Any CPU
		{B9B0D0E5-B444-48C2-97F6-8EBE2DBE1486}.Debug|Any CPU.Build.0 = Debug|Any CPU
		{B9B0D0E5-B444-48C2-97F6-8EBE2DBE1486}.Release|Any CPU.ActiveCfg = Release|Any CPU
		{B9B0D0E5-B444-48C2-97F6-8EBE2DBE1486}.Release|Any CPU.Build.0 = Release|Any CPU
	EndGlobalSection
EndGlobal
