
Microsoft Visual Studio Solution File, Format Version 12.00
# Visual Studio Version 17
VisualStudioVersion = 17.0.31903.59
MinimumVisualStudioVersion = 10.0.40219.1
Project("{FAE04EC0-301F-11D3-BF4B-00C04F79EFBC}") = "Costumer", "Costumer\Costumer.csproj", "{249A59C1-9D50-4DA0-8F4A-92AAA1E2A0EB}"
EndProject
Project("{FAE04EC0-301F-11D3-BF4B-00C04F79EFBC}") = "Order", "Order\Order.csproj", "{BE0BE519-7CAB-43A6-A237-B8B802FD1C55}"
EndProject
Global
	GlobalSection(SolutionConfigurationPlatforms) = preSolution
		Debug|Any CPU = Debug|Any CPU
		Release|Any CPU = Release|Any CPU
	EndGlobalSection
	GlobalSection(SolutionProperties) = preSolution
		HideSolutionNode = FALSE
	EndGlobalSection
	GlobalSection(ProjectConfigurationPlatforms) = postSolution
		{249A59C1-9D50-4DA0-8F4A-92AAA1E2A0EB}.Debug|Any CPU.ActiveCfg = Debug|Any CPU
		{249A59C1-9D50-4DA0-8F4A-92AAA1E2A0EB}.Debug|Any CPU.Build.0 = Debug|Any CPU
		{249A59C1-9D50-4DA0-8F4A-92AAA1E2A0EB}.Release|Any CPU.ActiveCfg = Release|Any CPU
		{249A59C1-9D50-4DA0-8F4A-92AAA1E2A0EB}.Release|Any CPU.Build.0 = Release|Any CPU
		{BE0BE519-7CAB-43A6-A237-B8B802FD1C55}.Debug|Any CPU.ActiveCfg = Debug|Any CPU
		{BE0BE519-7CAB-43A6-A237-B8B802FD1C55}.Debug|Any CPU.Build.0 = Debug|Any CPU
		{BE0BE519-7CAB-43A6-A237-B8B802FD1C55}.Release|Any CPU.ActiveCfg = Release|Any CPU
		{BE0BE519-7CAB-43A6-A237-B8B802FD1C55}.Release|Any CPU.Build.0 = Release|Any CPU
	EndGlobalSection
EndGlobal
